{
  "name": "locustjs-random",
  "version": "1.0.2",
  "lockfileVersion": 1,
  "requires": true,
  "dependencies": {
    "locustjs-base": {
      "version": "1.0.5",
      "resolved": "https://registry.npmjs.org/locustjs-base/-/locustjs-base-1.0.5.tgz",
      "integrity": "sha512-ZgKumEN1PSbna4hUZVD/eRYYvcqItyK8MzgjSwxZ3nlCh56wcLgraack/7k6i7goTL8rw4q0Y4KRVH0sXDdLnA=="
    },
    "locustjs-enum": {
      "version": "1.0.1",
      "resolved": "https://registry.npmjs.org/locustjs-enum/-/locustjs-enum-1.0.1.tgz",
      "integrity": "sha512-6MDcVu4/MNSSbgwPNmTaQKdqBsQZ8PvHX+7qHSdhnj40RBxWObe7NPp/vbWHxeGkN6UuY61lHFITIQqIvp+Row==",
      "requires": {
        "locustjs-base": "^1.0.9"
      },
      "dependencies": {
        "locustjs-base": {
          "version": "1.0.9",
          "resolved": "https://registry.npmjs.org/locustjs-base/-/locustjs-base-1.0.9.tgz",
          "integrity": "sha512-PnpOg0JwPjy/PKtXIflz1+xmge3u1ktzFICBJtHzUfyj4sGEZpcc4EfZ5w2yl5azg/c+SpAzjgNe+3dJWQci/A=="
        }
      }
    },
    "locustjs-exception": {
      "version": "1.0.1",
      "resolved": "https://registry.npmjs.org/locustjs-exception/-/locustjs-exception-1.0.1.tgz",
      "integrity": "sha512-Pr9bawYLTWLs2CyaOf6PwZDVybKkKiZKon6kIClsmkx7dP6YCzUY7Lxm+8Vl4L9yoVUNCnhrReVRZu4LTJb3JQ==",
      "requires": {
        "locustjs-base": "^1.0.9"
      },
      "dependencies": {
        "locustjs-base": {
          "version": "1.0.9",
          "resolved": "https://registry.npmjs.org/locustjs-base/-/locustjs-base-1.0.9.tgz",
          "integrity": "sha512-PnpOg0JwPjy/PKtXIflz1+xmge3u1ktzFICBJtHzUfyj4sGEZpcc4EfZ5w2yl5azg/c+SpAzjgNe+3dJWQci/A=="
        }
      }
    }
  }
}
