{
  "name": "locustjs-random",
  "version": "1.0.0",
  "lockfileVersion": 1,
  "requires": true,
  "dependencies": {
    "locustjs-base": {
      "version": "1.0.5",
      "resolved": "https://registry.npmjs.org/locustjs-base/-/locustjs-base-1.0.5.tgz",
      "integrity": "sha512-ZgKumEN1PSbna4hUZVD/eRYYvcqItyK8MzgjSwxZ3nlCh56wcLgraack/7k6i7goTL8rw4q0Y4KRVH0sXDdLnA=="
    }
  }
}
